lockfileVersion: '9.0'

settings:
  autoInstallPeers: true
  excludeLinksFromLockfile: false

importers:

  .:
    dependencies:
      sanitize-filename:
        specifier: ^1.6.3
        version: 1.6.3
    devDependencies:
      '@playwright/test':
        specifier: ^1.52.0
        version: 1.52.0
      '@types/node':
        specifier: ^22.14.1
        version: 22.15.3
      dotenv:
        specifier: ^16.5.0
        version: 16.5.0

packages:

  '@playwright/test@1.52.0':
    resolution: {integrity: sha512-uh6W7sb55hl7D6vsAeA+V2p5JnlAqzhqFyF0VcJkKZXkgnFcVG9PziERRHQfPLfNGx1C292a4JqbWzhR8L4R1g==}
    engines: {node: '>=18'}
    hasBin: true

  '@types/node@22.15.3':
    resolution: {integrity: sha512-lX7HFZeHf4QG/J7tBZqrCAXwz9J5RD56Y6MpP0eJkka8p+K0RY/yBTW7CYFJ4VGCclxqOLKmiGP5juQc6MKgcw==}

  dotenv@16.5.0:
    resolution: {integrity: sha512-m/C+AwOAr9/W1UOIZUo232ejMNnJAJtYQjUbHoNTBNTJSvqzzDh7vnrei3o3r3m9blf6ZoDkvcw0VmozNRFJxg==}
    engines: {node: '>=12'}

  fsevents@2.3.2:
    resolution: {integrity: sha512-xiqMQR4xAeHTuB9uWm+fFRcIOgKBMiOBP+eXiyT7jsgVCq1bkVygt00oASowB7EdtpOHaaPgKt812P9ab+DDKA==}
    engines: {node: ^8.16.0 || ^10.6.0 || >=11.0.0}
    os: [darwin]

  playwright-core@1.52.0:
    resolution: {integrity: sha512-l2osTgLXSMeuLZOML9qYODUQoPPnUsKsb5/P6LJ2e6uPKXUdPK5WYhN4z03G+YNbWmGDY4YENauNu4ZKczreHg==}
    engines: {node: '>=18'}
    hasBin: true

  playwright@1.52.0:
    resolution: {integrity: sha512-JAwMNMBlxJ2oD1kce4KPtMkDeKGHQstdpFPcPH3maElAXon/QZeTvtsfXmTMRyO9TslfoYOXkSsvao2nE1ilTw==}
    engines: {node: '>=18'}
    hasBin: true

  sanitize-filename@1.6.3:
    resolution: {integrity: sha512-y/52Mcy7aw3gRm7IrcGDFx/bCk4AhRh2eI9luHOQM86nZsqwiRkkq2GekHXBBD+SmPidc8i2PqtYZl+pWJ8Oeg==}

  truncate-utf8-bytes@1.0.2:
    resolution: {integrity: sha512-95Pu1QXQvruGEhv62XCMO3Mm90GscOCClvrIUwCM0PYOXK3kaF3l3sIHxx71ThJfcbM2O5Au6SO3AWCSEfW4mQ==}

  undici-types@6.21.0:
    resolution: {integrity: sha512-iwDZqg0QAGrg9Rav5H4n0M64c3mkR59cJ6wQp+7C4nI0gsmExaedaYLNO44eT4AtBBwjbTiGPMlt2Md0T9H9JQ==}

  utf8-byte-length@1.0.5:
    resolution: {integrity: sha512-Xn0w3MtiQ6zoz2vFyUVruaCL53O/DwUvkEeOvj+uulMm0BkUGYWmBYVyElqZaSLhY6ZD0ulfU3aBra2aVT4xfA==}

snapshots:

  '@playwright/test@1.52.0':
    dependencies:
      playwright: 1.52.0

  '@types/node@22.15.3':
    dependencies:
      undici-types: 6.21.0

  dotenv@16.5.0: {}

  fsevents@2.3.2:
    optional: true

  playwright-core@1.52.0: {}

  playwright@1.52.0:
    dependencies:
      playwright-core: 1.52.0
    optionalDependencies:
      fsevents: 2.3.2

  sanitize-filename@1.6.3:
    dependencies:
      truncate-utf8-bytes: 1.0.2

  truncate-utf8-bytes@1.0.2:
    dependencies:
      utf8-byte-length: 1.0.5

  undici-types@6.21.0: {}

  utf8-byte-length@1.0.5: {}
