lockfileVersion: '9.0'

settings:
  autoInstallPeers: true
  excludeLinksFromLockfile: false

importers:

  .:
    dependencies:
      pnpm:
        specifier: ^10.13.1
        version: 10.13.1
      sanitize-filename:
        specifier: ^1.6.3
        version: 1.6.3
    devDependencies:
      '@playwright/test':
        specifier: ^1.53.0
        version: 1.53.0
      '@types/node':
        specifier: ^24.0.3
        version: 24.0.3
      dotenv:
        specifier: ^16.5.0
        version: 16.5.0

packages:

  '@playwright/test@1.53.0':
    resolution: {integrity: sha512-15hjKreZDcp7t6TL/7jkAo6Df5STZN09jGiv5dbP9A6vMVncXRqE7/B2SncsyOwrkZRBH2i6/TPOL8BVmm3c7w==}
    engines: {node: '>=18'}
    hasBin: true

  '@types/node@24.0.3':
    resolution: {integrity: sha512-R4I/kzCYAdRLzfiCabn9hxWfbuHS573x+r0dJMkkzThEa7pbrcDWK+9zu3e7aBOouf+rQAciqPFMnxwr0aWgKg==}

  dotenv@16.5.0:
    resolution: {integrity: sha512-m/C+AwOAr9/W1UOIZUo232ejMNnJAJtYQjUbHoNTBNTJSvqzzDh7vnrei3o3r3m9blf6ZoDkvcw0VmozNRFJxg==}
    engines: {node: '>=12'}

  fsevents@2.3.2:
    resolution: {integrity: sha512-xiqMQR4xAeHTuB9uWm+fFRcIOgKBMiOBP+eXiyT7jsgVCq1bkVygt00oASowB7EdtpOHaaPgKt812P9ab+DDKA==}
    engines: {node: ^8.16.0 || ^10.6.0 || >=11.0.0}
    os: [darwin]

  playwright-core@1.53.0:
    resolution: {integrity: sha512-mGLg8m0pm4+mmtB7M89Xw/GSqoNC+twivl8ITteqvAndachozYe2ZA7srU6uleV1vEdAHYqjq+SV8SNxRRFYBw==}
    engines: {node: '>=18'}
    hasBin: true

  playwright@1.53.0:
    resolution: {integrity: sha512-ghGNnIEYZC4E+YtclRn4/p6oYbdPiASELBIYkBXfaTVKreQUYbMUYQDwS12a8F0/HtIjr/CkGjtwABeFPGcS4Q==}
    engines: {node: '>=18'}
    hasBin: true

  pnpm@10.13.1:
    resolution: {integrity: sha512-N+vxpcejDV+r4MXfRO6NpMllygxa89urKMOhaBtwolYhjQXIHJwNz3Z+9rhVHrW5YAQrntQwDFkkIzY3fgHPrQ==}
    engines: {node: '>=18.12'}
    hasBin: true

  sanitize-filename@1.6.3:
    resolution: {integrity: sha512-y/52Mcy7aw3gRm7IrcGDFx/bCk4AhRh2eI9luHOQM86nZsqwiRkkq2GekHXBBD+SmPidc8i2PqtYZl+pWJ8Oeg==}

  truncate-utf8-bytes@1.0.2:
    resolution: {integrity: sha512-95Pu1QXQvruGEhv62XCMO3Mm90GscOCClvrIUwCM0PYOXK3kaF3l3sIHxx71ThJfcbM2O5Au6SO3AWCSEfW4mQ==}

  undici-types@7.8.0:
    resolution: {integrity: sha512-9UJ2xGDvQ43tYyVMpuHlsgApydB8ZKfVYTsLDhXkFL/6gfkp+U8xTGdh8pMJv1SpZna0zxG1DwsKZsreLbXBxw==}

  utf8-byte-length@1.0.5:
    resolution: {integrity: sha512-Xn0w3MtiQ6zoz2vFyUVruaCL53O/DwUvkEeOvj+uulMm0BkUGYWmBYVyElqZaSLhY6ZD0ulfU3aBra2aVT4xfA==}

snapshots:

  '@playwright/test@1.53.0':
    dependencies:
      playwright: 1.53.0

  '@types/node@24.0.3':
    dependencies:
      undici-types: 7.8.0

  dotenv@16.5.0: {}

  fsevents@2.3.2:
    optional: true

  playwright-core@1.53.0: {}

  playwright@1.53.0:
    dependencies:
      playwright-core: 1.53.0
    optionalDependencies:
      fsevents: 2.3.2

  pnpm@10.13.1: {}

  sanitize-filename@1.6.3:
    dependencies:
      truncate-utf8-bytes: 1.0.2

  truncate-utf8-bytes@1.0.2:
    dependencies:
      utf8-byte-length: 1.0.5

  undici-types@7.8.0: {}

  utf8-byte-length@1.0.5: {}
